
Microsoft Visual Studio Solution File, Format Version 12.00
# Visual Studio Version 17
VisualStudioVersion = 17.2.32516.85
MinimumVisualStudioVersion = 10.0.40219.1
Project("{FAE04EC0-301F-11D3-BF4B-00C04F79EFBC}") = "API", "Server\API.csproj", "{711B97E0-B7A0-438C-B6A7-D5FC7037B4EC}"
EndProject
Project("{FAE04EC0-301F-11D3-BF4B-00C04F79EFBC}") = "Client", "Client\Client.csproj", "{91475320-37C8-4D7D-860C-BBC3E992BE3F}"
EndProject
Project("{FAE04EC0-301F-11D3-BF4B-00C04F79EFBC}") = "Contracts", "Contracts\Contracts.csproj", "{8FFB11C2-45A9-4F8A-928E-802D289CC660}"
EndProject
Global
	GlobalSection(SolutionConfigurationPlatforms) = preSolution
		Debug|Any CPU = Debug|Any CPU
		Release|Any CPU = Release|Any CPU
	EndGlobalSection
	GlobalSection(ProjectConfigurationPlatforms) = postSolution
		{711B97E0-B7A0-438C-B6A7-D5FC7037B4EC}.Debug|Any CPU.ActiveCfg = Debug|Any CPU
		{711B97E0-B7A0-438C-B6A7-D5FC7037B4EC}.Debug|Any CPU.Build.0 = Debug|Any CPU
		{711B97E0-B7A0-438C-B6A7-D5FC7037B4EC}.Release|Any CPU.ActiveCfg = Release|Any CPU
		{711B97E0-B7A0-438C-B6A7-D5FC7037B4EC}.Release|Any CPU.Build.0 = Release|Any CPU
		{91475320-37C8-4D7D-860C-BBC3E992BE3F}.Debug|Any CPU.ActiveCfg = Debug|Any CPU
		{91475320-37C8-4D7D-860C-BBC3E992BE3F}.Debug|Any CPU.Build.0 = Debug|Any CPU
		{91475320-37C8-4D7D-860C-BBC3E992BE3F}.Release|Any CPU.ActiveCfg = Release|Any CPU
		{91475320-37C8-4D7D-860C-BBC3E992BE3F}.Release|Any CPU.Build.0 = Release|Any CPU
		{8FFB11C2-45A9-4F8A-928E-802D289CC660}.Debug|Any CPU.ActiveCfg = Debug|Any CPU
		{8FFB11C2-45A9-4F8A-928E-802D289CC660}.Debug|Any CPU.Build.0 = Debug|Any CPU
		{8FFB11C2-45A9-4F8A-928E-802D289CC660}.Release|Any CPU.ActiveCfg = Release|Any CPU
		{8FFB11C2-45A9-4F8A-928E-802D289CC660}.Release|Any CPU.Build.0 = Release|Any CPU
	EndGlobalSection
	GlobalSection(SolutionProperties) = preSolution
		HideSolutionNode = FALSE
	EndGlobalSection
	GlobalSection(ExtensibilityGlobals) = postSolution
		SolutionGuid = {052D5F4B-DF81-4FC0-8200-7954AE8ED7DC}
	EndGlobalSection
EndGlobal
